
Microsoft Visual Studio Solution File, Format Version 12.00
# Visual Studio 15
VisualStudioVersion = 15.0.28307.106
MinimumVisualStudioVersion = 10.0.40219.1
Project("{FAE04EC0-301F-11D3-BF4B-00C04F79EFBC}") = "ShoppingCheckoutCaps", "ShoppingCheckoutCaps\ShoppingCheckoutCaps.csproj", "{7617D040-6E28-42F7-ABBF-27646F1B33D2}"
EndProject
Global
	GlobalSection(SolutionConfigurationPlatforms) = preSolution
		Debug|Any CPU = Debug|Any CPU
		Release|Any CPU = Release|Any CPU
	EndGlobalSection
	GlobalSection(ProjectConfigurationPlatforms) = postSolution
		{7617D040-6E28-42F7-ABBF-27646F1B33D2}.Debug|Any CPU.ActiveCfg = Debug|Any CPU
		{7617D040-6E28-42F7-ABBF-27646F1B33D2}.Debug|Any CPU.Build.0 = Debug|Any CPU
		{7617D040-6E28-42F7-ABBF-27646F1B33D2}.Release|Any CPU.ActiveCfg = Release|Any CPU
		{7617D040-6E28-42F7-ABBF-27646F1B33D2}.Release|Any CPU.Build.0 = Release|Any CPU
	EndGlobalSection
	GlobalSection(SolutionProperties) = preSolution
		HideSolutionNode = FALSE
	EndGlobalSection
	GlobalSection(ExtensibilityGlobals) = postSolution
		SolutionGuid = {18C41BF6-5FF2-4DD1-B3B3-50FEED447FE1}
	EndGlobalSection
EndGlobal
